
Microsoft Visual Studio Solution File, Format Version 12.00
# Visual Studio Version 16
VisualStudioVersion = 16.0.29926.136
MinimumVisualStudioVersion = 10.0.40219.1
Project("{9A19103F-16F7-4668-BE54-9A1E7A4F7556}") = "ContaBancaria", "ContaBancaria\ContaBancaria.csproj", "{53770A43-39C0-40AB-8306-8595CC148913}"
EndProject
Project("{FAE04EC0-301F-11D3-BF4B-00C04F79EFBC}") = "ContaBancariaTest", "ContaBancariaTest\ContaBancariaTest.csproj", "{9EE4FC2C-F280-4507-9B1F-6503821A9354}"
EndProject
Global
	GlobalSection(SolutionConfigurationPlatforms) = preSolution
		Debug|Any CPU = Debug|Any CPU
		Release|Any CPU = Release|Any CPU
	EndGlobalSection
	GlobalSection(ProjectConfigurationPlatforms) = postSolution
		{53770A43-39C0-40AB-8306-8595CC148913}.Debug|Any CPU.ActiveCfg = Debug|Any CPU
		{53770A43-39C0-40AB-8306-8595CC148913}.Debug|Any CPU.Build.0 = Debug|Any CPU
		{53770A43-39C0-40AB-8306-8595CC148913}.Release|Any CPU.ActiveCfg = Release|Any CPU
		{53770A43-39C0-40AB-8306-8595CC148913}.Release|Any CPU.Build.0 = Release|Any CPU
		{9EE4FC2C-F280-4507-9B1F-6503821A9354}.Debug|Any CPU.ActiveCfg = Debug|Any CPU
		{9EE4FC2C-F280-4507-9B1F-6503821A9354}.Debug|Any CPU.Build.0 = Debug|Any CPU
		{9EE4FC2C-F280-4507-9B1F-6503821A9354}.Release|Any CPU.ActiveCfg = Release|Any CPU
		{9EE4FC2C-F280-4507-9B1F-6503821A9354}.Release|Any CPU.Build.0 = Release|Any CPU
	EndGlobalSection
	GlobalSection(SolutionProperties) = preSolution
		HideSolutionNode = FALSE
	EndGlobalSection
	GlobalSection(ExtensibilityGlobals) = postSolution
		SolutionGuid = {002231E0-A311-41FE-ADF2-F785D0316086}
	EndGlobalSection
EndGlobal
